
Microsoft Visual Studio Solution File, Format Version 12.00
Project("{FAE04EC0-301F-11D3-BF4B-00C04F79EFBC}") = "TodoTogether.Models", "TodoTogether.Models\TodoTogether.Models.csproj", "{A03DB98E-ADBF-465F-958F-A115F68757DC}"
EndProject
Project("{FAE04EC0-301F-11D3-BF4B-00C04F79EFBC}") = "TodoTogether.Blazor", "TodoTogether.Blazor\TodoTogether.Blazor.csproj", "{C562695C-1BBB-45BB-9C04-66725E2BBCC3}"
EndProject
Global
	GlobalSection(SolutionConfigurationPlatforms) = preSolution
		Debug|Any CPU = Debug|Any CPU
		Release|Any CPU = Release|Any CPU
	EndGlobalSection
	GlobalSection(ProjectConfigurationPlatforms) = postSolution
		{A03DB98E-ADBF-465F-958F-A115F68757DC}.Debug|Any CPU.ActiveCfg = Debug|Any CPU
		{A03DB98E-ADBF-465F-958F-A115F68757DC}.Debug|Any CPU.Build.0 = Debug|Any CPU
		{A03DB98E-ADBF-465F-958F-A115F68757DC}.Release|Any CPU.ActiveCfg = Release|Any CPU
		{A03DB98E-ADBF-465F-958F-A115F68757DC}.Release|Any CPU.Build.0 = Release|Any CPU
		{C562695C-1BBB-45BB-9C04-66725E2BBCC3}.Debug|Any CPU.ActiveCfg = Debug|Any CPU
		{C562695C-1BBB-45BB-9C04-66725E2BBCC3}.Debug|Any CPU.Build.0 = Debug|Any CPU
		{C562695C-1BBB-45BB-9C04-66725E2BBCC3}.Release|Any CPU.ActiveCfg = Release|Any CPU
		{C562695C-1BBB-45BB-9C04-66725E2BBCC3}.Release|Any CPU.Build.0 = Release|Any CPU
	EndGlobalSection
EndGlobal
